
Microsoft Visual Studio Solution File, Format Version 12.00
# Visual Studio Version 17
VisualStudioVersion = 17.6.33712.159
MinimumVisualStudioVersion = 10.0.40219.1
Project("{9A19103F-16F7-4668-BE54-9A1E7A4F7556}") = "Dimakaju.M68k", "Dimakaju.M68k\Dimakaju.M68k.csproj", "{99371BD9-A9B7-428B-B914-A77AA5B8C239}"
EndProject
Project("{9A19103F-16F7-4668-BE54-9A1E7A4F7556}") = "Dimakaju.M68k.Test", "Dimakaju.M68k.Test\Dimakaju.M68k.Test.csproj", "{C02F15D4-1612-4F24-818F-3913CF0DCDBE}"
EndProject
Global
	GlobalSection(SolutionConfigurationPlatforms) = preSolution
		Debug|Any CPU = Debug|Any CPU
		Release|Any CPU = Release|Any CPU
	EndGlobalSection
	GlobalSection(ProjectConfigurationPlatforms) = postSolution
		{99371BD9-A9B7-428B-B914-A77AA5B8C239}.Debug|Any CPU.ActiveCfg = Debug|Any CPU
		{99371BD9-A9B7-428B-B914-A77AA5B8C239}.Debug|Any CPU.Build.0 = Debug|Any CPU
		{99371BD9-A9B7-428B-B914-A77AA5B8C239}.Release|Any CPU.ActiveCfg = Release|Any CPU
		{99371BD9-A9B7-428B-B914-A77AA5B8C239}.Release|Any CPU.Build.0 = Release|Any CPU
		{C02F15D4-1612-4F24-818F-3913CF0DCDBE}.Debug|Any CPU.ActiveCfg = Debug|Any CPU
		{C02F15D4-1612-4F24-818F-3913CF0DCDBE}.Debug|Any CPU.Build.0 = Debug|Any CPU
		{C02F15D4-1612-4F24-818F-3913CF0DCDBE}.Release|Any CPU.ActiveCfg = Release|Any CPU
		{C02F15D4-1612-4F24-818F-3913CF0DCDBE}.Release|Any CPU.Build.0 = Release|Any CPU
	EndGlobalSection
	GlobalSection(SolutionProperties) = preSolution
		HideSolutionNode = FALSE
	EndGlobalSection
	GlobalSection(ExtensibilityGlobals) = postSolution
		SolutionGuid = {069042C3-2C1F-4682-A613-5717D617913E}
	EndGlobalSection
EndGlobal
